
Microsoft Visual Studio Solution File, Format Version 12.00
# Visual Studio Version 16
VisualStudioVersion = 16.0.31911.196
MinimumVisualStudioVersion = 10.0.40219.1
Project("{FAE04EC0-301F-11D3-BF4B-00C04F79EFBC}") = "C1oudify", "C1oudify.csproj", "{0053DEC8-578D-4E82-8BDF-70C36B41CB86}"
EndProject
Global
	GlobalSection(SolutionConfigurationPlatforms) = preSolution
		Debug|Any CPU = Debug|Any CPU
		Release|Any CPU = Release|Any CPU
	EndGlobalSection
	GlobalSection(ProjectConfigurationPlatforms) = postSolution
		{0053DEC8-578D-4E82-8BDF-70C36B41CB86}.Debug|Any CPU.ActiveCfg = Debug|Any CPU
		{0053DEC8-578D-4E82-8BDF-70C36B41CB86}.Debug|Any CPU.Build.0 = Debug|Any CPU
		{0053DEC8-578D-4E82-8BDF-70C36B41CB86}.Release|Any CPU.ActiveCfg = Release|Any CPU
		{0053DEC8-578D-4E82-8BDF-70C36B41CB86}.Release|Any CPU.Build.0 = Release|Any CPU
	EndGlobalSection
	GlobalSection(SolutionProperties) = preSolution
		HideSolutionNode = FALSE
	EndGlobalSection
	GlobalSection(ExtensibilityGlobals) = postSolution
		SolutionGuid = {C7B67D2A-743B-40CD-9744-82AA990593A6}
	EndGlobalSection
EndGlobal
